
Microsoft Visual Studio Solution File, Format Version 12.00
# Visual Studio 15
Project("{FAE04EC0-301F-11D3-BF4B-00C04F79EFBC}") = "api", "api\api.csproj", "{EC3DE823-1AB4-41B7-A0BC-94BF23CEA51B}"
EndProject
Global
	GlobalSection(SolutionConfigurationPlatforms) = preSolution
		Debug|Any CPU = Debug|Any CPU
		Release|Any CPU = Release|Any CPU
	EndGlobalSection
	GlobalSection(ProjectConfigurationPlatforms) = postSolution
		{EC3DE823-1AB4-41B7-A0BC-94BF23CEA51B}.Debug|Any CPU.ActiveCfg = Debug|Any CPU
		{EC3DE823-1AB4-41B7-A0BC-94BF23CEA51B}.Debug|Any CPU.Build.0 = Debug|Any CPU
		{EC3DE823-1AB4-41B7-A0BC-94BF23CEA51B}.Release|Any CPU.ActiveCfg = Release|Any CPU
		{EC3DE823-1AB4-41B7-A0BC-94BF23CEA51B}.Release|Any CPU.Build.0 = Release|Any CPU
	EndGlobalSection
EndGlobal
